// !$*UTF8*$!
{
	archiveVersion = 1;
	classes = {
	};
	objectVersion = 46;
	objects = {

/* Begin PBXBuildFile section */
		E03A27591AA538B0008C36A6 /* Foundation.framework in Frameworks */ = {isa = PBXBuildFile; fileRef = E03A27581AA538B0008C36A6 /* Foundation.framework */; };
		E03A275B1AA538B0008C36A6 /* CoreGraphics.framework in Frameworks */ = {isa = PBXBuildFile; fileRef = E03A275A1AA538B0008C36A6 /* CoreGraphics.framework */; };
		E03A275D1AA538B0008C36A6 /* UIKit.framework in Frameworks */ = {isa = PBXBuildFile; fileRef = E03A275C1AA538B0008C36A6 /* UIKit.framework */; };
		E03A27631AA538B0008C36A6 /* InfoPlist.strings in Resources */ = {isa = PBXBuildFile; fileRef = E03A27611AA538B0008C36A6 /* InfoPlist.strings */; };
		E03A27651AA538B0008C36A6 /* main.m in Sources */ = {isa = PBXBuildFile; fileRef = E03A27641AA538B0008C36A6 /* main.m */; };
		E03A27691AA538B0008C36A6 /* AppDelegate.m in Sources */ = {isa = PBXBuildFile; fileRef = E03A27681AA538B0008C36A6 /* AppDelegate.m */; };
		E03A276C1AA538B0008C36A6 /* Main.storyboard in Resources */ = {isa = PBXBuildFile; fileRef = E03A276A1AA538B0008C36A6 /* Main.storyboard */; };
		E03A27711AA538B0008C36A6 /* Images.xcassets in Resources */ = {isa = PBXBuildFile; fileRef = E03A27701AA538B0008C36A6 /* Images.xcassets */; };
		E03A27781AA538B0008C36A6 /* XCTest.framework in Frameworks */ = {isa = PBXBuildFile; fileRef = E03A27771AA538B0008C36A6 /* XCTest.framework */; };
		E03A27791AA538B0008C36A6 /* Foundation.framework in Frameworks */ = {isa = PBXBuildFile; fileRef = E03A27581AA538B0008C36A6 /* Foundation.framework */; };
		E03A277A1AA538B0008C36A6 /* UIKit.framework in Frameworks */ = {isa = PBXBuildFile; fileRef = E03A275C1AA538B0008C36A6 /* UIKit.framework */; };
		E03A27821AA538B0008C36A6 /* InfoPlist.strings in Resources */ = {isa = PBXBuildFile; fileRef = E03A27801AA538B0008C36A6 /* InfoPlist.strings */; };
		E03A27841AA538B0008C36A6 /* TableBrowserTests.m in Sources */ = {isa = PBXBuildFile; fileRef = E03A27831AA538B0008C36A6 /* TableBrowserTests.m */; };
		E03A278F1AA53980008C36A6 /* BrowserViewController.m in Sources */ = {isa = PBXBuildFile; fileRef = E03A278E1AA53980008C36A6 /* BrowserViewController.m */; };
		E03A27951AA53D14008C36A6 /* TableViewController.m in Sources */ = {isa = PBXBuildFile; fileRef = E03A27941AA53D14008C36A6 /* TableViewController.m */; };
/* End PBXBuildFile section */

/* Begin PBXContainerItemProxy section */
		E03A277B1AA538B0008C36A6 /* PBXContainerItemProxy */ = {
			isa = PBXContainerItemProxy;
			containerPortal = E03A274D1AA538B0008C36A6 /* Project object */;
			proxyType = 1;
			remoteGlobalIDString = E03A27541AA538B0008C36A6;
			remoteInfo = TableBrowser;
		};
/* End PBXContainerItemProxy section */

/* Begin PBXFileReference section */
		E03A27551AA538B0008C36A6 /* TableBrowser.app */ = {isa = PBXFileReference; explicitFileType = wrapper.application; includeInIndex = 0; path = TableBrowser.app; sourceTree = BUILT_PRODUCTS_DIR; };
		E03A27581AA538B0008C36A6 /* Foundation.framework */ = {isa = PBXFileReference; lastKnownFileType = wrapper.framework; name = Foundation.framework; path = System/Library/Frameworks/Foundation.framework; sourceTree = SDKROOT; };
		E03A275A1AA538B0008C36A6 /* CoreGraphics.framework */ = {isa = PBXFileReference; lastKnownFileType = wrapper.framework; name = CoreGraphics.framework; path = System/Library/Frameworks/CoreGraphics.framework; sourceTree = SDKROOT; };
		E03A275C1AA538B0008C36A6 /* UIKit.framework */ = {isa = PBXFileReference; lastKnownFileType = wrapper.framework; name = UIKit.framework; path = System/Library/Frameworks/UIKit.framework; sourceTree = SDKROOT; };
		E03A27601AA538B0008C36A6 /* TableBrowser-Info.plist */ = {isa = PBXFileReference; lastKnownFileType = text.plist.xml; path = "TableBrowser-Info.plist"; sourceTree = "<group>"; };
		E03A27621AA538B0008C36A6 /* en */ = {isa = PBXFileReference; lastKnownFileType = text.plist.strings; name = en; path = en.lproj/InfoPlist.strings; sourceTree = "<group>"; };
		E03A27641AA538B0008C36A6 /* main.m */ = {isa = PBXFileReference; lastKnownFileType = sourcecode.c.objc; path = main.m; sourceTree = "<group>"; };
		E03A27661AA538B0008C36A6 /* TableBrowser-Prefix.pch */ = {isa = PBXFileReference; lastKnownFileType = sourcecode.c.h; path = "TableBrowser-Prefix.pch"; sourceTree = "<group>"; };
		E03A27671AA538B0008C36A6 /* AppDelegate.h */ = {isa = PBXFileReference; lastKnownFileType = sourcecode.c.h; path = AppDelegate.h; sourceTree = "<group>"; };
		E03A27681AA538B0008C36A6 /* AppDelegate.m */ = {isa = PBXFileReference; lastKnownFileType = sourcecode.c.objc; path = AppDelegate.m; sourceTree = "<group>"; };
		E03A276B1AA538B0008C36A6 /* Base */ = {isa = PBXFileReference; lastKnownFileType = file.storyboard; name = Base; path = Base.lproj/Main.storyboard; sourceTree = "<group>"; };
		E03A27701AA538B0008C36A6 /* Images.xcassets */ = {isa = PBXFileReference; lastKnownFileType = folder.assetcatalog; path = Images.xcassets; sourceTree = "<group>"; };
		E03A27761AA538B0008C36A6 /* TableBrowserTests.xctest */ = {isa = PBXFileReference; explicitFileType = wrapper.cfbundle; includeInIndex = 0; path = TableBrowserTests.xctest; sourceTree = BUILT_PRODUCTS_DIR; };
		E03A27771AA538B0008C36A6 /* XCTest.framework */ = {isa = PBXFileReference; lastKnownFileType = wrapper.framework; name = XCTest.framework; path = Library/Frameworks/XCTest.framework; sourceTree = DEVELOPER_DIR; };
		E03A277F1AA538B0008C36A6 /* TableBrowserTests-Info.plist */ = {isa = PBXFileReference; lastKnownFileType = text.plist.xml; path = "TableBrowserTests-Info.plist"; sourceTree = "<group>"; };
		E03A27811AA538B0008C36A6 /* en */ = {isa = PBXFileReference; lastKnownFileType = text.plist.strings; name = en; path = en.lproj/InfoPlist.strings; sourceTree = "<group>"; };
		E03A27831AA538B0008C36A6 /* TableBrowserTests.m */ = {isa = PBXFileReference; lastKnownFileType = sourcecode.c.objc; path = TableBrowserTests.m; sourceTree = "<group>"; };
		E03A278D1AA53980008C36A6 /* BrowserViewController.h */ = {isa = PBXFileReference; fileEncoding = 4; lastKnownFileType = sourcecode.c.h; path = BrowserViewController.h; sourceTree = "<group>"; };
		E03A278E1AA53980008C36A6 /* BrowserViewController.m */ = {isa = PBXFileReference; fileEncoding = 4; lastKnownFileType = sourcecode.c.objc; path = BrowserViewController.m; sourceTree = "<group>"; };
		E03A27931AA53D14008C36A6 /* TableViewController.h */ = {isa = PBXFileReference; fileEncoding = 4; lastKnownFileType = sourcecode.c.h; name = TableViewController.h; path = ../TableViewController.h; sourceTree = "<group>"; };
		E03A27941AA53D14008C36A6 /* TableViewController.m */ = {isa = PBXFileReference; fileEncoding = 4; lastKnownFileType = sourcecode.c.objc; name = TableViewController.m; path = ../TableViewController.m; sourceTree = "<group>"; };
/* End PBXFileReference section */

/* Begin PBXFrameworksBuildPhase section */
		E03A27521AA538B0008C36A6 /* Frameworks */ = {
			isa = PBXFrameworksBuildPhase;
			buildActionMask = 2147483647;
			files = (
				E03A275B1AA538B0008C36A6 /* CoreGraphics.framework in Frameworks */,
				E03A275D1AA538B0008C36A6 /* UIKit.framework in Frameworks */,
				E03A27591AA538B0008C36A6 /* Foundation.framework in Frameworks */,
			);
			runOnlyForDeploymentPostprocessing = 0;
		};
		E03A27731AA538B0008C36A6 /* Frameworks */ = {
			isa = PBXFrameworksBuildPhase;
			buildActionMask = 2147483647;
			files = (
				E03A27781AA538B0008C36A6 /* XCTest.framework in Frameworks */,
				E03A277A1AA538B0008C36A6 /* UIKit.framework in Frameworks */,
				E03A27791AA538B0008C36A6 /* Foundation.framework in Frameworks */,
			);
			runOnlyForDeploymentPostprocessing = 0;
		};
/* End PBXFrameworksBuildPhase section */

/* Begin PBXGroup section */
		E03A274C1AA538B0008C36A6 = {
			isa = PBXGroup;
			children = (
				E03A275E1AA538B0008C36A6 /* TableBrowser */,
				E03A277D1AA538B0008C36A6 /* TableBrowserTests */,
				E03A27571AA538B0008C36A6 /* Frameworks */,
				E03A27561AA538B0008C36A6 /* Products */,
			);
			sourceTree = "<group>";
		};
		E03A27561AA538B0008C36A6 /* Products */ = {
			isa = PBXGroup;
			children = (
				E03A27551AA538B0008C36A6 /* TableBrowser.app */,
				E03A27761AA538B0008C36A6 /* TableBrowserTests.xctest */,
			);
			name = Products;
			sourceTree = "<group>";
		};
		E03A27571AA538B0008C36A6 /* Frameworks */ = {
			isa = PBXGroup;
			children = (
				E03A27581AA538B0008C36A6 /* Foundation.framework */,
				E03A275A1AA538B0008C36A6 /* CoreGraphics.framework */,
				E03A275C1AA538B0008C36A6 /* UIKit.framework */,
				E03A27771AA538B0008C36A6 /* XCTest.framework */,
			);
			name = Frameworks;
			sourceTree = "<group>";
		};
		E03A275E1AA538B0008C36A6 /* TableBrowser */ = {
			isa = PBXGroup;
			children = (
				E03A27671AA538B0008C36A6 /* AppDelegate.h */,
				E03A27681AA538B0008C36A6 /* AppDelegate.m */,
				E03A27931AA53D14008C36A6 /* TableViewController.h */,
				E03A27941AA53D14008C36A6 /* TableViewController.m */,
				E03A276A1AA538B0008C36A6 /* Main.storyboard */,
				E03A278D1AA53980008C36A6 /* BrowserViewController.h */,
				E03A278E1AA53980008C36A6 /* BrowserViewController.m */,
				E03A27701AA538B0008C36A6 /* Images.xcassets */,
				E03A275F1AA538B0008C36A6 /* Supporting Files */,
			);
			path = TableBrowser;
			sourceTree = "<group>";
		};
		E03A275F1AA538B0008C36A6 /* Supporting Files */ = {
			isa = PBXGroup;
			children = (
				E03A27601AA538B0008C36A6 /* TableBrowser-Info.plist */,
				E03A27611AA538B0008C36A6 /* InfoPlist.strings */,
				E03A27641AA538B0008C36A6 /* main.m */,
				E03A27661AA538B0008C36A6 /* TableBrowser-Prefix.pch */,
			);
			name = "Supporting Files";
			sourceTree = "<group>";
		};
		E03A277D1AA538B0008C36A6 /* TableBrowserTests */ = {
			isa = PBXGroup;
			children = (
				E03A27831AA538B0008C36A6 /* TableBrowserTests.m */,
				E03A277E1AA538B0008C36A6 /* Supporting Files */,
			);
			path = TableBrowserTests;
			sourceTree = "<group>";
		};
		E03A277E1AA538B0008C36A6 /* Supporting Files */ = {
			isa = PBXGroup;
			children = (
				E03A277F1AA538B0008C36A6 /* TableBrowserTests-Info.plist */,
				E03A27801AA538B0008C36A6 /* InfoPlist.strings */,
			);
			name = "Supporting Files";
			sourceTree = "<group>";
		};
/* End PBXGroup section */

/* Begin PBXNativeTarget section */
		E03A27541AA538B0008C36A6 /* TableBrowser */ = {
			isa = PBXNativeTarget;
			buildConfigurationList = E03A27871AA538B0008C36A6 /* Build configuration list for PBXNativeTarget "TableBrowser" */;
			buildPhases = (
				E03A27511AA538B0008C36A6 /* Sources */,
				E03A27521AA538B0008C36A6 /* Frameworks */,
				E03A27531AA538B0008C36A6 /* Resources */,
			);
			buildRules = (
			);
			dependencies = (
			);
			name = TableBrowser;
			productName = TableBrowser;
			productReference = E03A27551AA538B0008C36A6 /* TableBrowser.app */;
			productType = "com.apple.product-type.application";
		};
		E03A27751AA538B0008C36A6 /* TableBrowserTests */ = {
			isa = PBXNativeTarget;
			buildConfigurationList = E03A278A1AA538B0008C36A6 /* Build configuration list for PBXNativeTarget "TableBrowserTests" */;
			buildPhases = (
				E03A27721AA538B0008C36A6 /* Sources */,
				E03A27731AA538B0008C36A6 /* Frameworks */,
				E03A27741AA538B0008C36A6 /* Resources */,
			);
			buildRules = (
			);
			dependencies = (
				E03A277C1AA538B0008C36A6 /* PBXTargetDependency */,
			);
			name = TableBrowserTests;
			productName = TableBrowserTests;
			productReference = E03A27761AA538B0008C36A6 /* TableBrowserTests.xctest */;
			productType = "com.apple.product-type.bundle.unit-test";
		};
/* End PBXNativeTarget section */

/* Begin PBXProject section */
		E03A274D1AA538B0008C36A6 /* Project object */ = {
			isa = PBXProject;
			attributes = {
				LastUpgradeCheck = 0510;
				ORGANIZATIONNAME = NS;
				TargetAttributes = {
					E03A27751AA538B0008C36A6 = {
						TestTargetID = E03A27541AA538B0008C36A6;
					};
				};
			};
			buildConfigurationList = E03A27501AA538B0008C36A6 /* Build configuration list for PBXProject "TableBrowser" */;
			compatibilityVersion = "Xcode 3.2";
			developmentRegion = English;
			hasScannedForEncodings = 0;
			knownRegions = (
				en,
				Base,
			);
			mainGroup = E03A274C1AA538B0008C36A6;
			productRefGroup = E03A27561AA538B0008C36A6 /* Products */;
			projectDirPath = "";
			projectRoot = "";
			targets = (
				E03A27541AA538B0008C36A6 /* TableBrowser */,
				E03A27751AA538B0008C36A6 /* TableBrowserTests */,
			);
		};
/* End PBXProject section */

/* Begin PBXResourcesBuildPhase section */
		E03A27531AA538B0008C36A6 /* Resources */ = {
			isa = PBXResourcesBuildPhase;
			buildActionMask = 2147483647;
			files = (
				E03A27711AA538B0008C36A6 /* Images.xcassets in Resources */,
				E03A27631AA538B0008C36A6 /* InfoPlist.strings in Resources */,
				E03A276C1AA538B0008C36A6 /* Main.storyboard in Resources */,
			);
			runOnlyForDeploymentPostprocessing = 0;
		};
		E03A27741AA538B0008C36A6 /* Resources */ = {
			isa = PBXResourcesBuildPhase;
			buildActionMask = 2147483647;
			files = (
				E03A27821AA538B0008C36A6 /* InfoPlist.strings in Resources */,
			);
			runOnlyForDeploymentPostprocessing = 0;
		};
/* End PBXResourcesBuildPhase section */

/* Begin PBXSourcesBuildPhase section */
		E03A27511AA538B0008C36A6 /* Sources */ = {
			isa = PBXSourcesBuildPhase;
			buildActionMask = 2147483647;
			files = (
				E03A278F1AA53980008C36A6 /* BrowserViewController.m in Sources */,
				E03A27691AA538B0008C36A6 /* AppDelegate.m in Sources */,
				E03A27651AA538B0008C36A6 /* main.m in Sources */,
				E03A27951AA53D14008C36A6 /* TableViewController.m in Sources */,
			);
			runOnlyForDeploymentPostprocessing = 0;
		};
		E03A27721AA538B0008C36A6 /* Sources */ = {
			isa = PBXSourcesBuildPhase;
			buildActionMask = 2147483647;
			files = (
				E03A27841AA538B0008C36A6 /* TableBrowserTests.m in Sources */,
			);
			runOnlyForDeploymentPostprocessing = 0;
		};
/* End PBXSourcesBuildPhase section */

/* Begin PBXTargetDependency section */
		E03A277C1AA538B0008C36A6 /* PBXTargetDependency */ = {
			isa = PBXTargetDependency;
			target = E03A27541AA538B0008C36A6 /* TableBrowser */;
			targetProxy = E03A277B1AA538B0008C36A6 /* PBXContainerItemProxy */;
		};
/* End PBXTargetDependency section */

/* Begin PBXVariantGroup section */
		E03A27611AA538B0008C36A6 /* InfoPlist.strings */ = {
			isa = PBXVariantGroup;
			children = (
				E03A27621AA538B0008C36A6 /* en */,
			);
			name = InfoPlist.strings;
			sourceTree = "<group>";
		};
		E03A276A1AA538B0008C36A6 /* Main.storyboard */ = {
			isa = PBXVariantGroup;
			children = (
				E03A276B1AA538B0008C36A6 /* Base */,
			);
			name = Main.storyboard;
			sourceTree = "<group>";
		};
		E03A27801AA538B0008C36A6 /* InfoPlist.strings */ = {
			isa = PBXVariantGroup;
			children = (
				E03A27811AA538B0008C36A6 /* en */,
			);
			name = InfoPlist.strings;
			sourceTree = "<group>";
		};
/* End PBXVariantGroup section */

/* Begin XCBuildConfiguration section */
		E03A27851AA538B0008C36A6 /* Debug */ = {
			isa = XCBuildConfiguration;
			buildSettings = {
				ALWAYS_SEARCH_USER_PATHS = NO;
				CLANG_CXX_LANGUAGE_STANDARD = "gnu++0x";
				CLANG_CXX_LIBRARY = "libc++";
				CLANG_ENABLE_MODULES = YES;
				CLANG_ENABLE_OBJC_ARC = YES;
				CLANG_WARN_BOOL_CONVERSION = YES;
				CLANG_WARN_CONSTANT_CONVERSION = YES;
				CLANG_WARN_DIRECT_OBJC_ISA_USAGE = YES_ERROR;
				CLANG_WARN_EMPTY_BODY = YES;
				CLANG_WARN_ENUM_CONVERSION = YES;
				CLANG_WARN_INT_CONVERSION = YES;
				CLANG_WARN_OBJC_ROOT_CLASS = YES_ERROR;
				CLANG_WARN__DUPLICATE_METHOD_MATCH = YES;
				"CODE_SIGN_IDENTITY[sdk=iphoneos*]" = "iPhone Developer";
				COPY_PHASE_STRIP = NO;
				GCC_C_LANGUAGE_STANDARD = gnu99;
				GCC_DYNAMIC_NO_PIC = NO;
				GCC_OPTIMIZATION_LEVEL = 0;
				GCC_PREPROCESSOR_DEFINITIONS = (
					"DEBUG=1",
					"$(inherited)",
				);
				GCC_SYMBOLS_PRIVATE_EXTERN = NO;
				GCC_WARN_64_TO_32_BIT_CONVERSION = YES;
				GCC_WARN_ABOUT_RETURN_TYPE = YES_ERROR;
				GCC_WARN_UNDECLARED_SELECTOR = YES;
				GCC_WARN_UNINITIALIZED_AUTOS = YES_AGGRESSIVE;
				GCC_WARN_UNUSED_FUNCTION = YES;
				GCC_WARN_UNUSED_VARIABLE = YES;
				IPHONEOS_DEPLOYMENT_TARGET = 7.1;
				ONLY_ACTIVE_ARCH = YES;
				SDKROOT = iphoneos;
			};
			name = Debug;
		};
		E03A27861AA538B0008C36A6 /* Release */ = {
			isa = XCBuildConfiguration;
			buildSettings = {
				ALWAYS_SEARCH_USER_PATHS = NO;
				CLANG_CXX_LANGUAGE_STANDARD = "gnu++0x";
				CLANG_CXX_LIBRARY = "libc++";
				CLANG_ENABLE_MODULES = YES;
				CLANG_ENABLE_OBJC_ARC = YES;
				CLANG_WARN_BOOL_CONVERSION = YES;
				CLANG_WARN_CONSTANT_CONVERSION = YES;
				CLANG_WARN_DIRECT_OBJC_ISA_USAGE = YES_ERROR;
				CLANG_WARN_EMPTY_BODY = YES;
				CLANG_WARN_ENUM_CONVERSION = YES;
				CLANG_WARN_INT_CONVERSION = YES;
				CLANG_WARN_OBJC_ROOT_CLASS = YES_ERROR;
				CLANG_WARN__DUPLICATE_METHOD_MATCH = YES;
				"CODE_SIGN_IDENTITY[sdk=iphoneos*]" = "iPhone Developer";
				COPY_PHASE_STRIP = YES;
				ENABLE_NS_ASSERTIONS = NO;
				GCC_C_LANGUAGE_STANDARD = gnu99;
				GCC_WARN_64_TO_32_BIT_CONVERSION = YES;
				GCC_WARN_ABOUT_RETURN_TYPE = YES_ERROR;
				GCC_WARN_UNDECLARED_SELECTOR = YES;
				GCC_WARN_UNINITIALIZED_AUTOS = YES_AGGRESSIVE;
				GCC_WARN_UNUSED_FUNCTION = YES;
				GCC_WARN_UNUSED_VARIABLE = YES;
				IPHONEOS_DEPLOYMENT_TARGET = 7.1;
				SDKROOT = iphoneos;
				VALIDATE_PRODUCT = YES;
			};
			name = Release;
		};
		E03A27881AA538B0008C36A6 /* Debug */ = {
			isa = XCBuildConfiguration;
			buildSettings = {
				ASSETCATALOG_COMPILER_APPICON_NAME = AppIcon;
				ASSETCATALOG_COMPILER_LAUNCHIMAGE_NAME = LaunchImage;
				GCC_PRECOMPILE_PREFIX_HEADER = YES;
				GCC_PREFIX_HEADER = "TableBrowser/TableBrowser-Prefix.pch";
				INFOPLIST_FILE = "TableBrowser/TableBrowser-Info.plist";
				PRODUCT_NAME = "$(TARGET_NAME)";
				WRAPPER_EXTENSION = app;
			};
			name = Debug;
		};
		E03A27891AA538B0008C36A6 /* Release */ = {
			isa = XCBuildConfiguration;
			buildSettings = {
				ASSETCATALOG_COMPILER_APPICON_NAME = AppIcon;
				ASSETCATALOG_COMPILER_LAUNCHIMAGE_NAME = LaunchImage;
				GCC_PRECOMPILE_PREFIX_HEADER = YES;
				GCC_PREFIX_HEADER = "TableBrowser/TableBrowser-Prefix.pch";
				INFOPLIST_FILE = "TableBrowser/TableBrowser-Info.plist";
				PRODUCT_NAME = "$(TARGET_NAME)";
				WRAPPER_EXTENSION = app;
			};
			name = Release;
		};
		E03A278B1AA538B0008C36A6 /* Debug */ = {
			isa = XCBuildConfiguration;
			buildSettings = {
				BUNDLE_LOADER = "$(BUILT_PRODUCTS_DIR)/TableBrowser.app/TableBrowser";
				FRAMEWORK_SEARCH_PATHS = (
					"$(SDKROOT)/Developer/Library/Frameworks",
					"$(inherited)",
					"$(DEVELOPER_FRAMEWORKS_DIR)",
				);
				GCC_PRECOMPILE_PREFIX_HEADER = YES;
				GCC_PREFIX_HEADER = "TableBrowser/TableBrowser-Prefix.pch";
				GCC_PREPROCESSOR_DEFINITIONS = (
					"DEBUG=1",
					"$(inherited)",
				);
				INFOPLIST_FILE = "TableBrowserTests/TableBrowserTests-Info.plist";
				PRODUCT_NAME = "$(TARGET_NAME)";
				TEST_HOST = "$(BUNDLE_LOADER)";
				WRAPPER_EXTENSION = xctest;
			};
			name = Debug;
		};
		E03A278C1AA538B0008C36A6 /* Release */ = {
			isa = XCBuildConfiguration;
			buildSettings = {
				BUNDLE_LOADER = "$(BUILT_PRODUCTS_DIR)/TableBrowser.app/TableBrowser";
				FRAMEWORK_SEARCH_PATHS = (
					"$(SDKROOT)/Developer/Library/Frameworks",
					"$(inherited)",
					"$(DEVELOPER_FRAMEWORKS_DIR)",
				);
				GCC_PRECOMPILE_PREFIX_HEADER = YES;
				GCC_PREFIX_HEADER = "TableBrowser/TableBrowser-Prefix.pch";
				INFOPLIST_FILE = "TableBrowserTests/TableBrowserTests-Info.plist";
				PRODUCT_NAME = "$(TARGET_NAME)";
				TEST_HOST = "$(BUNDLE_LOADER)";
				WRAPPER_EXTENSION = xctest;
			};
			name = Release;
		};
/* End XCBuildConfiguration section */

/* Begin XCConfigurationList section */
		E03A27501AA538B0008C36A6 /* Build configuration list for PBXProject "TableBrowser" */ = {
			isa = XCConfigurationList;
			buildConfigurations = (
				E03A27851AA538B0008C36A6 /* Debug */,
				E03A27861AA538B0008C36A6 /* Release */,
			);
			defaultConfigurationIsVisible = 0;
			defaultConfigurationName = Release;
		};
		E03A27871AA538B0008C36A6 /* Build configuration list for PBXNativeTarget "TableBrowser" */ = {
			isa = XCConfigurationList;
			buildConfigurations = (
				E03A27881AA538B0008C36A6 /* Debug */,
				E03A27891AA538B0008C36A6 /* Release */,
			);
			defaultConfigurationIsVisible = 0;
			defaultConfigurationName = Release;
		};
		E03A278A1AA538B0008C36A6 /* Build configuration list for PBXNativeTarget "TableBrowserTests" */ = {
			isa = XCConfigurationList;
			buildConfigurations = (
				E03A278B1AA538B0008C36A6 /* Debug */,
				E03A278C1AA538B0008C36A6 /* Release */,
			);
			defaultConfigurationIsVisible = 0;
			defaultConfigurationName = Release;
		};
/* End XCConfigurationList section */
	};
	rootObject = E03A274D1AA538B0008C36A6 /* Project object */;
}
